
Microsoft Visual Studio Solution File, Format Version 11.00
# Visual Studio 2010
Project("{8BC9CEB8-8B4A-11D0-8D11-00A0C91BC942}") = "algebraic", "algebraic.vcxproj", "{D5E654A7-7A36-5A17-A7F1-C630986AE4E5}"
EndProject
Project("{8BC9CEB8-8B4A-11D0-8D11-00A0C91BC942}") = "category", "category.vcxproj", "{78EB1A1C-5594-5C6E-960B-10E642972C37}"
EndProject
Project("{8BC9CEB8-8B4A-11D0-8D11-00A0C91BC942}") = "cppcon-matching", "cppcon-matching.vcxproj", "{ACA07874-46DC-5BE2-8260-87560BB959B5}"
EndProject
Project("{8BC9CEB8-8B4A-11D0-8D11-00A0C91BC942}") = "cppcon-visitors", "cppcon-visitors.vcxproj", "{EC3211A6-57C0-5C52-A92E-89A04F0BA40E}"
EndProject
Project("{8BC9CEB8-8B4A-11D0-8D11-00A0C91BC942}") = "example01", "example01.vcxproj", "{E37D01BE-A9AF-55BA-BE23-A1CA614212E6}"
EndProject
Project("{8BC9CEB8-8B4A-11D0-8D11-00A0C91BC942}") = "example02", "example02.vcxproj", "{F10BBF55-4286-5F5B-B649-CA6BF112C9DE}"
EndProject
Project("{8BC9CEB8-8B4A-11D0-8D11-00A0C91BC942}") = "example03", "example03.vcxproj", "{47B8F6FC-DB19-54A4-8468-F55DD748B73D}"
EndProject
Project("{8BC9CEB8-8B4A-11D0-8D11-00A0C91BC942}") = "example04", "example04.vcxproj", "{A3376D1E-657B-5BF9-BC75-0B174C1E790C}"
EndProject
Project("{8BC9CEB8-8B4A-11D0-8D11-00A0C91BC942}") = "exp", "exp.vcxproj", "{F7A23654-2903-5A95-AA52-E93F52A4908B}"
EndProject
Project("{8BC9CEB8-8B4A-11D0-8D11-00A0C91BC942}") = "exp2", "exp2.vcxproj", "{6DA48C34-A8EE-570A-87A2-C5E60019EC24}"
EndProject
Project("{8BC9CEB8-8B4A-11D0-8D11-00A0C91BC942}") = "expr", "expr.vcxproj", "{3F42DE45-5224-5CB3-9661-FA8D6136CA2B}"
EndProject
Project("{8BC9CEB8-8B4A-11D0-8D11-00A0C91BC942}") = "expr_meta", "expr_meta.vcxproj", "{F88FF21E-B807-5FFF-A618-65BA78C1DA35}"
EndProject
Project("{8BC9CEB8-8B4A-11D0-8D11-00A0C91BC942}") = "filter", "filter.vcxproj", "{C269B29A-B947-57D2-82A0-2B06253240B5}"
EndProject
Project("{8BC9CEB8-8B4A-11D0-8D11-00A0C91BC942}") = "memoized_cast", "memoized_cast.vcxproj", "{C81A1717-11C1-56CF-957B-AE43240E1F64}"
EndProject
Project("{8BC9CEB8-8B4A-11D0-8D11-00A0C91BC942}") = "morton", "morton.vcxproj", "{525D5CFE-F264-567B-B4DB-0D4119C6FAC8}"
EndProject
Project("{8BC9CEB8-8B4A-11D0-8D11-00A0C91BC942}") = "non_unique_problem", "non_unique_problem.vcxproj", "{17DF9504-1C9F-5824-8532-0362780A1613}"
EndProject
Project("{8BC9CEB8-8B4A-11D0-8D11-00A0C91BC942}") = "non_unique_workaround", "non_unique_workaround.vcxproj", "{D5E9000A-B6F0-5301-973F-B796197324E0}"
EndProject
Project("{8BC9CEB8-8B4A-11D0-8D11-00A0C91BC942}") = "pattern_composition", "pattern_composition.vcxproj", "{DB784F36-631B-5C5A-B716-D2C52048638F}"
EndProject
Project("{8BC9CEB8-8B4A-11D0-8D11-00A0C91BC942}") = "predicate", "predicate.vcxproj", "{ECF35192-39F3-5FE7-ADC2-3A92D4CE6F10}"
EndProject
Project("{8BC9CEB8-8B4A-11D0-8D11-00A0C91BC942}") = "prolog", "prolog.vcxproj", "{B907FBAE-854D-5B99-B365-D6DC8936BE98}"
EndProject
Project("{8BC9CEB8-8B4A-11D0-8D11-00A0C91BC942}") = "prolog-pat", "prolog-pat.vcxproj", "{0FC45E74-8E2A-5F08-A35B-E44190C77FD7}"
EndProject
Project("{8BC9CEB8-8B4A-11D0-8D11-00A0C91BC942}") = "prolog-pat2", "prolog-pat2.vcxproj", "{8B6F853C-8CA7-5F20-970A-A4537090515B}"
EndProject
Project("{8BC9CEB8-8B4A-11D0-8D11-00A0C91BC942}") = "regex", "regex.vcxproj", "{6F125CA4-F091-58F6-B107-B4A7B6FFA2BF}"
EndProject
Project("{8BC9CEB8-8B4A-11D0-8D11-00A0C91BC942}") = "shape4", "shape4.vcxproj", "{1A34985C-57E3-53C7-863B-64A5FF0A6192}"
EndProject
Project("{8BC9CEB8-8B4A-11D0-8D11-00A0C91BC942}") = "shape5", "shape5.vcxproj", "{D24BF75D-72A4-5089-9DF3-2709267001EA}"
EndProject
Project("{8BC9CEB8-8B4A-11D0-8D11-00A0C91BC942}") = "shape6", "shape6.vcxproj", "{C8589285-638A-5F76-AB79-969A6B92D913}"
EndProject
Project("{8BC9CEB8-8B4A-11D0-8D11-00A0C91BC942}") = "shape7", "shape7.vcxproj", "{034E944D-E528-5CA2-A459-3F8348ACFA81}"
EndProject
Project("{8BC9CEB8-8B4A-11D0-8D11-00A0C91BC942}") = "shape8", "shape8.vcxproj", "{8AD4BD3B-1829-5B19-98BF-D0A16EA9BC20}"
EndProject
Project("{8BC9CEB8-8B4A-11D0-8D11-00A0C91BC942}") = "type_switch2", "type_switch2.vcxproj", "{7DF2CA38-EAD8-58EC-8CBC-C2DF495678CF}"
EndProject
Project("{8BC9CEB8-8B4A-11D0-8D11-00A0C91BC942}") = "type_switch3", "type_switch3.vcxproj", "{FC811657-EA55-563A-9331-5AC7F74BB79B}"
EndProject
Project("{8BC9CEB8-8B4A-11D0-8D11-00A0C91BC942}") = "type_switchN", "type_switchN.vcxproj", "{5C3975CC-95CE-5791-BC83-B2E8CE352A31}"
EndProject
Project("{8BC9CEB8-8B4A-11D0-8D11-00A0C91BC942}") = "type_switchN-decl", "type_switchN-decl.vcxproj", "{6C9FAD86-8CD7-5DC2-A6DA-E5EB58D12E6E}"
EndProject
Project("{8BC9CEB8-8B4A-11D0-8D11-00A0C91BC942}") = "type_switchN-patterns", "type_switchN-patterns.vcxproj", "{E33E6B91-95D2-5B61-AD92-FF68F00467A5}"
EndProject
Project("{8BC9CEB8-8B4A-11D0-8D11-00A0C91BC942}") = "virpat-shapes", "virpat-shapes.vcxproj", "{FEF8C214-F9A0-5E6B-ABA6-CA09CA7AD8EF}"
EndProject
Project("{8BC9CEB8-8B4A-11D0-8D11-00A0C91BC942}") = "exception_select_random", "exception_select_random.vcxproj", "{AFD7C2BA-E31F-550C-A42F-EF5D01B4CB46}"
EndProject
Project("{8BC9CEB8-8B4A-11D0-8D11-00A0C91BC942}") = "generic_select_kind", "generic_select_kind.vcxproj", "{759C6C6D-3727-563B-88F0-0C044977D53A}"
EndProject
Project("{8BC9CEB8-8B4A-11D0-8D11-00A0C91BC942}") = "generic_select_random", "generic_select_random.vcxproj", "{E55BAA93-9C18-5C05-B23D-2AD8CECCB480}"
EndProject
Project("{8BC9CEB8-8B4A-11D0-8D11-00A0C91BC942}") = "hierarchy2", "hierarchy2.vcxproj", "{427DF2D2-2695-50F7-B3E6-3DC8FA5E5A4A}"
EndProject
Project("{8BC9CEB8-8B4A-11D0-8D11-00A0C91BC942}") = "hierarchy2a", "hierarchy2a.vcxproj", "{6C81F66E-22FB-5ECC-A6A0-79FC35CBFFAC}"
EndProject
Project("{8BC9CEB8-8B4A-11D0-8D11-00A0C91BC942}") = "hierarchy2b", "hierarchy2b.vcxproj", "{F4903AD1-C5C3-5C01-99E6-DD62C0F7EB11}"
EndProject
Project("{8BC9CEB8-8B4A-11D0-8D11-00A0C91BC942}") = "lambda", "lambda.vcxproj", "{3A012FB1-6EB5-5287-9EBC-E33F7ADC5AEB}"
EndProject
Project("{8BC9CEB8-8B4A-11D0-8D11-00A0C91BC942}") = "lambda-vir", "lambda-vir.vcxproj", "{CE901DA7-9D12-5829-BE27-4D47D25153EF}"
EndProject
Project("{8BC9CEB8-8B4A-11D0-8D11-00A0C91BC942}") = "numbers", "numbers.vcxproj", "{2ACFF332-72DB-58CC-95F4-FBDDC9528101}"
EndProject
Project("{8BC9CEB8-8B4A-11D0-8D11-00A0C91BC942}") = "numbers-new", "numbers-new.vcxproj", "{94867104-F774-5D6D-A0A6-7ACDB5F82312}"
EndProject
Project("{8BC9CEB8-8B4A-11D0-8D11-00A0C91BC942}") = "ocaml_cmp", "ocaml_cmp.vcxproj", "{50F8B59B-C209-542E-AE1B-2CECA3081104}"
EndProject
Project("{8BC9CEB8-8B4A-11D0-8D11-00A0C91BC942}") = "ocaml_cmp_kind", "ocaml_cmp_kind.vcxproj", "{F1FD49A0-DF6C-5A45-AC86-FD0F41415F9C}"
EndProject
Project("{8BC9CEB8-8B4A-11D0-8D11-00A0C91BC942}") = "shape3", "shape3.vcxproj", "{EB8E0AEE-F3DC-534A-8958-BD8F97569024}"
EndProject
Project("{8BC9CEB8-8B4A-11D0-8D11-00A0C91BC942}") = "synthetic", "synthetic.vcxproj", "{6F97EA2C-9FCC-5080-B287-514DB1FC0046}"
EndProject
Project("{8BC9CEB8-8B4A-11D0-8D11-00A0C91BC942}") = "synthetic_dynamic_cast", "synthetic_dynamic_cast.vcxproj", "{04CE1B9C-7234-5492-A314-9633D6FB3B93}"
EndProject
Project("{8BC9CEB8-8B4A-11D0-8D11-00A0C91BC942}") = "synthetic_dynamic_cast_binary", "synthetic_dynamic_cast_binary.vcxproj", "{45707575-3D9A-5A64-9990-2080B6E01E88}"
EndProject
Project("{8BC9CEB8-8B4A-11D0-8D11-00A0C91BC942}") = "synthetic_dynamic_cast_cohen", "synthetic_dynamic_cast_cohen.vcxproj", "{BA9A06E5-B380-5724-AF46-7BB272B8298C}"
EndProject
Project("{8BC9CEB8-8B4A-11D0-8D11-00A0C91BC942}") = "synthetic_dynamic_cast_fast", "synthetic_dynamic_cast_fast.vcxproj", "{A2E04F57-1CED-5634-9B3F-C18B9B911B44}"
EndProject
Project("{8BC9CEB8-8B4A-11D0-8D11-00A0C91BC942}") = "synthetic_dynamic_cast_switch", "synthetic_dynamic_cast_switch.vcxproj", "{4C4F1FCB-D01B-51EF-A811-B108C9CB87DD}"
EndProject
Project("{8BC9CEB8-8B4A-11D0-8D11-00A0C91BC942}") = "synthetic_select", "synthetic_select.vcxproj", "{1FC50494-8396-53C7-A806-53165E3965EA}"
EndProject
Project("{8BC9CEB8-8B4A-11D0-8D11-00A0C91BC942}") = "synthetic_select_kind", "synthetic_select_kind.vcxproj", "{9EF1296E-56BE-5507-BD0F-E8D70BFAFF9D}"
EndProject
Project("{8BC9CEB8-8B4A-11D0-8D11-00A0C91BC942}") = "synthetic_select_random", "synthetic_select_random.vcxproj", "{E6F64F82-B834-5B9D-BEBD-F9E9AB31CF2D}"
EndProject
Project("{8BC9CEB8-8B4A-11D0-8D11-00A0C91BC942}") = "synthetic_select1", "synthetic_select1.vcxproj", "{6D0FCCB5-5C5D-5A73-86EE-B0637CC26752}"
EndProject
Project("{8BC9CEB8-8B4A-11D0-8D11-00A0C91BC942}") = "synthetic_select2", "synthetic_select2.vcxproj", "{094A0D81-6880-5FDD-AD87-C5CCEF8E79B6}"
EndProject
Project("{8BC9CEB8-8B4A-11D0-8D11-00A0C91BC942}") = "synthetic_select3", "synthetic_select3.vcxproj", "{5A392C8C-7ACD-53A1-B66F-DA6D35E62F6D}"
EndProject
Project("{8BC9CEB8-8B4A-11D0-8D11-00A0C91BC942}") = "synthetic_select4", "synthetic_select4.vcxproj", "{B159606C-1A66-5F86-BC2A-117209F76900}"
EndProject
Project("{8BC9CEB8-8B4A-11D0-8D11-00A0C91BC942}") = "time-pat-factorial0", "time-pat-factorial0.vcxproj", "{B38B7BB8-4851-5F01-8382-3DE1C32ED125}"
EndProject
Project("{8BC9CEB8-8B4A-11D0-8D11-00A0C91BC942}") = "time-pat-factorial1", "time-pat-factorial1.vcxproj", "{91FE4B7F-7116-5BF4-BFCF-F40C470CAFE1}"
EndProject
Project("{8BC9CEB8-8B4A-11D0-8D11-00A0C91BC942}") = "time-pat-factorial2", "time-pat-factorial2.vcxproj", "{E777E95D-17F4-5B76-AB38-855FEDF8D4C3}"
EndProject
Project("{8BC9CEB8-8B4A-11D0-8D11-00A0C91BC942}") = "time-pat-fibonacci", "time-pat-fibonacci.vcxproj", "{1AE58355-957D-539F-9D80-C0E06065AC10}"
EndProject
Project("{8BC9CEB8-8B4A-11D0-8D11-00A0C91BC942}") = "time-pat-gcd1", "time-pat-gcd1.vcxproj", "{86199713-2C47-5730-A178-C49BC419C3B5}"
EndProject
Project("{8BC9CEB8-8B4A-11D0-8D11-00A0C91BC942}") = "time-pat-gcd2", "time-pat-gcd2.vcxproj", "{F6E6A77D-0FDF-5A22-8EEA-37DFA9CF5590}"
EndProject
Project("{8BC9CEB8-8B4A-11D0-8D11-00A0C91BC942}") = "time-pat-gcd3", "time-pat-gcd3.vcxproj", "{F1BE9C32-4A14-5577-862E-3B753A2CAA75}"
EndProject
Project("{8BC9CEB8-8B4A-11D0-8D11-00A0C91BC942}") = "time-pat-power", "time-pat-power.vcxproj", "{81DD6ABF-E2DC-549F-9281-D51A1C636C6F}"
EndProject
Project("{8BC9CEB8-8B4A-11D0-8D11-00A0C91BC942}") = "time-vir-factorial0", "time-vir-factorial0.vcxproj", "{0355AD55-FF4A-53B6-AE69-18E8413ACC8B}"
EndProject
Project("{8BC9CEB8-8B4A-11D0-8D11-00A0C91BC942}") = "time-vir-factorial1", "time-vir-factorial1.vcxproj", "{24FA7270-E48E-52F5-A0C8-37EE886E8C3D}"
EndProject
Project("{8BC9CEB8-8B4A-11D0-8D11-00A0C91BC942}") = "time-vir-factorial2", "time-vir-factorial2.vcxproj", "{4A0291A5-719B-5FF6-AE40-914149EE01DC}"
EndProject
Project("{8BC9CEB8-8B4A-11D0-8D11-00A0C91BC942}") = "time-vir-factorial3", "time-vir-factorial3.vcxproj", "{A4D7841D-6428-5767-8D66-1CF31E8C3A0F}"
EndProject
Project("{8BC9CEB8-8B4A-11D0-8D11-00A0C91BC942}") = "time-vir-factorial4", "time-vir-factorial4.vcxproj", "{69296105-5227-539A-95C4-7E925116FBF6}"
EndProject
Project("{8BC9CEB8-8B4A-11D0-8D11-00A0C91BC942}") = "time-vir-fibonacci", "time-vir-fibonacci.vcxproj", "{4A658A6F-BDA1-5E41-A656-7ACB9BA72264}"
EndProject
Project("{8BC9CEB8-8B4A-11D0-8D11-00A0C91BC942}") = "time-vir-gcd1", "time-vir-gcd1.vcxproj", "{4176A57A-89FF-5EF3-BCCC-7D71970B3A13}"
EndProject
Project("{8BC9CEB8-8B4A-11D0-8D11-00A0C91BC942}") = "time-vir-gcd2", "time-vir-gcd2.vcxproj", "{C8588C89-4E41-51D3-8BEC-4CA9F334696E}"
EndProject
Project("{8BC9CEB8-8B4A-11D0-8D11-00A0C91BC942}") = "time-vir-gcd3", "time-vir-gcd3.vcxproj", "{E17BEC05-7F64-5134-85D7-6C7EA126B5F8}"
EndProject
Project("{8BC9CEB8-8B4A-11D0-8D11-00A0C91BC942}") = "time-vir-power", "time-vir-power.vcxproj", "{3C169736-5839-5D1C-A633-839C706A91AD}"
EndProject
Project("{8BC9CEB8-8B4A-11D0-8D11-00A0C91BC942}") = "time_type_switch1", "time_type_switch1.vcxproj", "{83CB7A07-D7D6-5442-8733-DCF10E130267}"
EndProject
Project("{8BC9CEB8-8B4A-11D0-8D11-00A0C91BC942}") = "time_type_switch2", "time_type_switch2.vcxproj", "{70A35741-C0FC-5F8F-9C5F-CA4363F5AD9F}"
EndProject
Project("{8BC9CEB8-8B4A-11D0-8D11-00A0C91BC942}") = "time_type_switch3", "time_type_switch3.vcxproj", "{25F76746-0751-5343-BF0D-A52D3595C620}"
EndProject
Project("{8BC9CEB8-8B4A-11D0-8D11-00A0C91BC942}") = "time_type_switch4", "time_type_switch4.vcxproj", "{280B01AC-ED80-532B-9259-651F49E5A561}"
EndProject
Project("{8BC9CEB8-8B4A-11D0-8D11-00A0C91BC942}") = "type_switch", "type_switch.vcxproj", "{BE38C70E-BFE4-56C8-896E-6E2C4985CA91}"
EndProject
Project("{8BC9CEB8-8B4A-11D0-8D11-00A0C91BC942}") = "virpat", "virpat.vcxproj", "{36795AEE-C2D3-58C8-BB44-B518134BBB11}"
EndProject
Project("{8BC9CEB8-8B4A-11D0-8D11-00A0C91BC942}") = "virpat0", "virpat0.vcxproj", "{8A9C4A45-7D66-53BA-9549-67DDB30907AC}"
EndProject
Project("{8BC9CEB8-8B4A-11D0-8D11-00A0C91BC942}") = "virpat1", "virpat1.vcxproj", "{ADBF1341-6A45-51AD-B43E-447315980D3B}"
EndProject
Project("{8BC9CEB8-8B4A-11D0-8D11-00A0C91BC942}") = "virpat2", "virpat2.vcxproj", "{2323948D-4EC0-5AE4-BD91-292F1CB2CCD8}"
EndProject
Project("{8BC9CEB8-8B4A-11D0-8D11-00A0C91BC942}") = "virpat3-pat", "virpat3-pat.vcxproj", "{69F678B2-0C88-5255-89E6-E8E2AF4F65E6}"
EndProject
Project("{8BC9CEB8-8B4A-11D0-8D11-00A0C91BC942}") = "virpat3-vir", "virpat3-vir.vcxproj", "{A8F66957-4A59-549B-9110-AB3D85A30A24}"
EndProject
Project("{8BC9CEB8-8B4A-11D0-8D11-00A0C91BC942}") = "syntax", "syntax.vcxproj", "{C36DA4D9-217D-5FF2-B87C-51132AA1AB88}"
EndProject
Project("{8BC9CEB8-8B4A-11D0-8D11-00A0C91BC942}") = "xtl", "xtl.vcxproj", "{3398CF36-1EE3-5656-9B09-AD34606A46A9}"
EndProject
Project("{8BC9CEB8-8B4A-11D0-8D11-00A0C91BC942}") = "time-xtl-any", "time-xtl-any.vcxproj", "{31258AFB-5DD0-54C6-B735-05EF5CB07124}"
EndProject
Project("{8BC9CEB8-8B4A-11D0-8D11-00A0C91BC942}") = "time-xtl-variant", "time-xtl-variant.vcxproj", "{C7997100-CC18-5C57-A3D5-5FBEF8939D2D}"
EndProject
Global
	GlobalSection(SolutionConfigurationPlatforms) = preSolution
		Debug|Win32 = Debug|Win32
		Release|Win32 = Release|Win32
	EndGlobalSection
	GlobalSection(ProjectConfigurationPlatforms) = postSolution
		{D5E654A7-7A36-5A17-A7F1-C630986AE4E5}.Debug|Win32.ActiveCfg = Debug|Win32
		{D5E654A7-7A36-5A17-A7F1-C630986AE4E5}.Debug|Win32.Build.0 = Debug|Win32
		{D5E654A7-7A36-5A17-A7F1-C630986AE4E5}.Release|Win32.ActiveCfg = Release|Win32
		{D5E654A7-7A36-5A17-A7F1-C630986AE4E5}.Release|Win32.Build.0 = Release|Win32
		{78EB1A1C-5594-5C6E-960B-10E642972C37}.Debug|Win32.ActiveCfg = Debug|Win32
		{78EB1A1C-5594-5C6E-960B-10E642972C37}.Debug|Win32.Build.0 = Debug|Win32
		{78EB1A1C-5594-5C6E-960B-10E642972C37}.Release|Win32.ActiveCfg = Release|Win32
		{78EB1A1C-5594-5C6E-960B-10E642972C37}.Release|Win32.Build.0 = Release|Win32
		{ACA07874-46DC-5BE2-8260-87560BB959B5}.Debug|Win32.ActiveCfg = Debug|Win32
		{ACA07874-46DC-5BE2-8260-87560BB959B5}.Debug|Win32.Build.0 = Debug|Win32
		{ACA07874-46DC-5BE2-8260-87560BB959B5}.Release|Win32.ActiveCfg = Release|Win32
		{ACA07874-46DC-5BE2-8260-87560BB959B5}.Release|Win32.Build.0 = Release|Win32
		{EC3211A6-57C0-5C52-A92E-89A04F0BA40E}.Debug|Win32.ActiveCfg = Debug|Win32
		{EC3211A6-57C0-5C52-A92E-89A04F0BA40E}.Debug|Win32.Build.0 = Debug|Win32
		{EC3211A6-57C0-5C52-A92E-89A04F0BA40E}.Release|Win32.ActiveCfg = Release|Win32
		{EC3211A6-57C0-5C52-A92E-89A04F0BA40E}.Release|Win32.Build.0 = Release|Win32
		{E37D01BE-A9AF-55BA-BE23-A1CA614212E6}.Debug|Win32.ActiveCfg = Debug|Win32
		{E37D01BE-A9AF-55BA-BE23-A1CA614212E6}.Debug|Win32.Build.0 = Debug|Win32
		{E37D01BE-A9AF-55BA-BE23-A1CA614212E6}.Release|Win32.ActiveCfg = Release|Win32
		{E37D01BE-A9AF-55BA-BE23-A1CA614212E6}.Release|Win32.Build.0 = Release|Win32
		{F10BBF55-4286-5F5B-B649-CA6BF112C9DE}.Debug|Win32.ActiveCfg = Debug|Win32
		{F10BBF55-4286-5F5B-B649-CA6BF112C9DE}.Debug|Win32.Build.0 = Debug|Win32
		{F10BBF55-4286-5F5B-B649-CA6BF112C9DE}.Release|Win32.ActiveCfg = Release|Win32
		{F10BBF55-4286-5F5B-B649-CA6BF112C9DE}.Release|Win32.Build.0 = Release|Win32
		{47B8F6FC-DB19-54A4-8468-F55DD748B73D}.Debug|Win32.ActiveCfg = Debug|Win32
		{47B8F6FC-DB19-54A4-8468-F55DD748B73D}.Debug|Win32.Build.0 = Debug|Win32
		{47B8F6FC-DB19-54A4-8468-F55DD748B73D}.Release|Win32.ActiveCfg = Release|Win32
		{47B8F6FC-DB19-54A4-8468-F55DD748B73D}.Release|Win32.Build.0 = Release|Win32
		{A3376D1E-657B-5BF9-BC75-0B174C1E790C}.Debug|Win32.ActiveCfg = Debug|Win32
		{A3376D1E-657B-5BF9-BC75-0B174C1E790C}.Debug|Win32.Build.0 = Debug|Win32
		{A3376D1E-657B-5BF9-BC75-0B174C1E790C}.Release|Win32.ActiveCfg = Release|Win32
		{A3376D1E-657B-5BF9-BC75-0B174C1E790C}.Release|Win32.Build.0 = Release|Win32
		{F7A23654-2903-5A95-AA52-E93F52A4908B}.Debug|Win32.ActiveCfg = Debug|Win32
		{F7A23654-2903-5A95-AA52-E93F52A4908B}.Debug|Win32.Build.0 = Debug|Win32
		{F7A23654-2903-5A95-AA52-E93F52A4908B}.Release|Win32.ActiveCfg = Release|Win32
		{F7A23654-2903-5A95-AA52-E93F52A4908B}.Release|Win32.Build.0 = Release|Win32
		{6DA48C34-A8EE-570A-87A2-C5E60019EC24}.Debug|Win32.ActiveCfg = Debug|Win32
		{6DA48C34-A8EE-570A-87A2-C5E60019EC24}.Debug|Win32.Build.0 = Debug|Win32
		{6DA48C34-A8EE-570A-87A2-C5E60019EC24}.Release|Win32.ActiveCfg = Release|Win32
		{6DA48C34-A8EE-570A-87A2-C5E60019EC24}.Release|Win32.Build.0 = Release|Win32
		{3F42DE45-5224-5CB3-9661-FA8D6136CA2B}.Debug|Win32.ActiveCfg = Debug|Win32
		{3F42DE45-5224-5CB3-9661-FA8D6136CA2B}.Debug|Win32.Build.0 = Debug|Win32
		{3F42DE45-5224-5CB3-9661-FA8D6136CA2B}.Release|Win32.ActiveCfg = Release|Win32
		{3F42DE45-5224-5CB3-9661-FA8D6136CA2B}.Release|Win32.Build.0 = Release|Win32
		{F88FF21E-B807-5FFF-A618-65BA78C1DA35}.Debug|Win32.ActiveCfg = Debug|Win32
		{F88FF21E-B807-5FFF-A618-65BA78C1DA35}.Debug|Win32.Build.0 = Debug|Win32
		{F88FF21E-B807-5FFF-A618-65BA78C1DA35}.Release|Win32.ActiveCfg = Release|Win32
		{F88FF21E-B807-5FFF-A618-65BA78C1DA35}.Release|Win32.Build.0 = Release|Win32
		{C269B29A-B947-57D2-82A0-2B06253240B5}.Debug|Win32.ActiveCfg = Debug|Win32
		{C269B29A-B947-57D2-82A0-2B06253240B5}.Debug|Win32.Build.0 = Debug|Win32
		{C269B29A-B947-57D2-82A0-2B06253240B5}.Release|Win32.ActiveCfg = Release|Win32
		{C269B29A-B947-57D2-82A0-2B06253240B5}.Release|Win32.Build.0 = Release|Win32
		{C81A1717-11C1-56CF-957B-AE43240E1F64}.Debug|Win32.ActiveCfg = Debug|Win32
		{C81A1717-11C1-56CF-957B-AE43240E1F64}.Debug|Win32.Build.0 = Debug|Win32
		{C81A1717-11C1-56CF-957B-AE43240E1F64}.Release|Win32.ActiveCfg = Release|Win32
		{C81A1717-11C1-56CF-957B-AE43240E1F64}.Release|Win32.Build.0 = Release|Win32
		{525D5CFE-F264-567B-B4DB-0D4119C6FAC8}.Debug|Win32.ActiveCfg = Debug|Win32
		{525D5CFE-F264-567B-B4DB-0D4119C6FAC8}.Debug|Win32.Build.0 = Debug|Win32
		{525D5CFE-F264-567B-B4DB-0D4119C6FAC8}.Release|Win32.ActiveCfg = Release|Win32
		{525D5CFE-F264-567B-B4DB-0D4119C6FAC8}.Release|Win32.Build.0 = Release|Win32
		{17DF9504-1C9F-5824-8532-0362780A1613}.Debug|Win32.ActiveCfg = Debug|Win32
		{17DF9504-1C9F-5824-8532-0362780A1613}.Debug|Win32.Build.0 = Debug|Win32
		{17DF9504-1C9F-5824-8532-0362780A1613}.Release|Win32.ActiveCfg = Release|Win32
		{17DF9504-1C9F-5824-8532-0362780A1613}.Release|Win32.Build.0 = Release|Win32
		{D5E9000A-B6F0-5301-973F-B796197324E0}.Debug|Win32.ActiveCfg = Debug|Win32
		{D5E9000A-B6F0-5301-973F-B796197324E0}.Debug|Win32.Build.0 = Debug|Win32
		{D5E9000A-B6F0-5301-973F-B796197324E0}.Release|Win32.ActiveCfg = Release|Win32
		{D5E9000A-B6F0-5301-973F-B796197324E0}.Release|Win32.Build.0 = Release|Win32
		{DB784F36-631B-5C5A-B716-D2C52048638F}.Debug|Win32.ActiveCfg = Debug|Win32
		{DB784F36-631B-5C5A-B716-D2C52048638F}.Debug|Win32.Build.0 = Debug|Win32
		{DB784F36-631B-5C5A-B716-D2C52048638F}.Release|Win32.ActiveCfg = Release|Win32
		{DB784F36-631B-5C5A-B716-D2C52048638F}.Release|Win32.Build.0 = Release|Win32
		{ECF35192-39F3-5FE7-ADC2-3A92D4CE6F10}.Debug|Win32.ActiveCfg = Debug|Win32
		{ECF35192-39F3-5FE7-ADC2-3A92D4CE6F10}.Debug|Win32.Build.0 = Debug|Win32
		{ECF35192-39F3-5FE7-ADC2-3A92D4CE6F10}.Release|Win32.ActiveCfg = Release|Win32
		{ECF35192-39F3-5FE7-ADC2-3A92D4CE6F10}.Release|Win32.Build.0 = Release|Win32
		{B907FBAE-854D-5B99-B365-D6DC8936BE98}.Debug|Win32.ActiveCfg = Debug|Win32
		{B907FBAE-854D-5B99-B365-D6DC8936BE98}.Debug|Win32.Build.0 = Debug|Win32
		{B907FBAE-854D-5B99-B365-D6DC8936BE98}.Release|Win32.ActiveCfg = Release|Win32
		{B907FBAE-854D-5B99-B365-D6DC8936BE98}.Release|Win32.Build.0 = Release|Win32
		{0FC45E74-8E2A-5F08-A35B-E44190C77FD7}.Debug|Win32.ActiveCfg = Debug|Win32
		{0FC45E74-8E2A-5F08-A35B-E44190C77FD7}.Debug|Win32.Build.0 = Debug|Win32
		{0FC45E74-8E2A-5F08-A35B-E44190C77FD7}.Release|Win32.ActiveCfg = Release|Win32
		{0FC45E74-8E2A-5F08-A35B-E44190C77FD7}.Release|Win32.Build.0 = Release|Win32
		{8B6F853C-8CA7-5F20-970A-A4537090515B}.Debug|Win32.ActiveCfg = Debug|Win32
		{8B6F853C-8CA7-5F20-970A-A4537090515B}.Debug|Win32.Build.0 = Debug|Win32
		{8B6F853C-8CA7-5F20-970A-A4537090515B}.Release|Win32.ActiveCfg = Release|Win32
		{8B6F853C-8CA7-5F20-970A-A4537090515B}.Release|Win32.Build.0 = Release|Win32
		{6F125CA4-F091-58F6-B107-B4A7B6FFA2BF}.Debug|Win32.ActiveCfg = Debug|Win32
		{6F125CA4-F091-58F6-B107-B4A7B6FFA2BF}.Debug|Win32.Build.0 = Debug|Win32
		{6F125CA4-F091-58F6-B107-B4A7B6FFA2BF}.Release|Win32.ActiveCfg = Release|Win32
		{6F125CA4-F091-58F6-B107-B4A7B6FFA2BF}.Release|Win32.Build.0 = Release|Win32
		{1A34985C-57E3-53C7-863B-64A5FF0A6192}.Debug|Win32.ActiveCfg = Debug|Win32
		{1A34985C-57E3-53C7-863B-64A5FF0A6192}.Debug|Win32.Build.0 = Debug|Win32
		{1A34985C-57E3-53C7-863B-64A5FF0A6192}.Release|Win32.ActiveCfg = Release|Win32
		{1A34985C-57E3-53C7-863B-64A5FF0A6192}.Release|Win32.Build.0 = Release|Win32
		{D24BF75D-72A4-5089-9DF3-2709267001EA}.Debug|Win32.ActiveCfg = Debug|Win32
		{D24BF75D-72A4-5089-9DF3-2709267001EA}.Debug|Win32.Build.0 = Debug|Win32
		{D24BF75D-72A4-5089-9DF3-2709267001EA}.Release|Win32.ActiveCfg = Release|Win32
		{D24BF75D-72A4-5089-9DF3-2709267001EA}.Release|Win32.Build.0 = Release|Win32
		{C8589285-638A-5F76-AB79-969A6B92D913}.Debug|Win32.ActiveCfg = Debug|Win32
		{C8589285-638A-5F76-AB79-969A6B92D913}.Debug|Win32.Build.0 = Debug|Win32
		{C8589285-638A-5F76-AB79-969A6B92D913}.Release|Win32.ActiveCfg = Release|Win32
		{C8589285-638A-5F76-AB79-969A6B92D913}.Release|Win32.Build.0 = Release|Win32
		{034E944D-E528-5CA2-A459-3F8348ACFA81}.Debug|Win32.ActiveCfg = Debug|Win32
		{034E944D-E528-5CA2-A459-3F8348ACFA81}.Debug|Win32.Build.0 = Debug|Win32
		{034E944D-E528-5CA2-A459-3F8348ACFA81}.Release|Win32.ActiveCfg = Release|Win32
		{034E944D-E528-5CA2-A459-3F8348ACFA81}.Release|Win32.Build.0 = Release|Win32
		{8AD4BD3B-1829-5B19-98BF-D0A16EA9BC20}.Debug|Win32.ActiveCfg = Debug|Win32
		{8AD4BD3B-1829-5B19-98BF-D0A16EA9BC20}.Debug|Win32.Build.0 = Debug|Win32
		{8AD4BD3B-1829-5B19-98BF-D0A16EA9BC20}.Release|Win32.ActiveCfg = Release|Win32
		{8AD4BD3B-1829-5B19-98BF-D0A16EA9BC20}.Release|Win32.Build.0 = Release|Win32
		{7DF2CA38-EAD8-58EC-8CBC-C2DF495678CF}.Debug|Win32.ActiveCfg = Debug|Win32
		{7DF2CA38-EAD8-58EC-8CBC-C2DF495678CF}.Debug|Win32.Build.0 = Debug|Win32
		{7DF2CA38-EAD8-58EC-8CBC-C2DF495678CF}.Release|Win32.ActiveCfg = Release|Win32
		{7DF2CA38-EAD8-58EC-8CBC-C2DF495678CF}.Release|Win32.Build.0 = Release|Win32
		{FC811657-EA55-563A-9331-5AC7F74BB79B}.Debug|Win32.ActiveCfg = Debug|Win32
		{FC811657-EA55-563A-9331-5AC7F74BB79B}.Debug|Win32.Build.0 = Debug|Win32
		{FC811657-EA55-563A-9331-5AC7F74BB79B}.Release|Win32.ActiveCfg = Release|Win32
		{FC811657-EA55-563A-9331-5AC7F74BB79B}.Release|Win32.Build.0 = Release|Win32
		{5C3975CC-95CE-5791-BC83-B2E8CE352A31}.Debug|Win32.ActiveCfg = Debug|Win32
		{5C3975CC-95CE-5791-BC83-B2E8CE352A31}.Debug|Win32.Build.0 = Debug|Win32
		{5C3975CC-95CE-5791-BC83-B2E8CE352A31}.Release|Win32.ActiveCfg = Release|Win32
		{5C3975CC-95CE-5791-BC83-B2E8CE352A31}.Release|Win32.Build.0 = Release|Win32
		{6C9FAD86-8CD7-5DC2-A6DA-E5EB58D12E6E}.Debug|Win32.ActiveCfg = Debug|Win32
		{6C9FAD86-8CD7-5DC2-A6DA-E5EB58D12E6E}.Debug|Win32.Build.0 = Debug|Win32
		{6C9FAD86-8CD7-5DC2-A6DA-E5EB58D12E6E}.Release|Win32.ActiveCfg = Release|Win32
		{6C9FAD86-8CD7-5DC2-A6DA-E5EB58D12E6E}.Release|Win32.Build.0 = Release|Win32
		{E33E6B91-95D2-5B61-AD92-FF68F00467A5}.Debug|Win32.ActiveCfg = Debug|Win32
		{E33E6B91-95D2-5B61-AD92-FF68F00467A5}.Debug|Win32.Build.0 = Debug|Win32
		{E33E6B91-95D2-5B61-AD92-FF68F00467A5}.Release|Win32.ActiveCfg = Release|Win32
		{E33E6B91-95D2-5B61-AD92-FF68F00467A5}.Release|Win32.Build.0 = Release|Win32
		{FEF8C214-F9A0-5E6B-ABA6-CA09CA7AD8EF}.Debug|Win32.ActiveCfg = Debug|Win32
		{FEF8C214-F9A0-5E6B-ABA6-CA09CA7AD8EF}.Debug|Win32.Build.0 = Debug|Win32
		{FEF8C214-F9A0-5E6B-ABA6-CA09CA7AD8EF}.Release|Win32.ActiveCfg = Release|Win32
		{FEF8C214-F9A0-5E6B-ABA6-CA09CA7AD8EF}.Release|Win32.Build.0 = Release|Win32
		{AFD7C2BA-E31F-550C-A42F-EF5D01B4CB46}.Debug|Win32.ActiveCfg = Debug|Win32
		{AFD7C2BA-E31F-550C-A42F-EF5D01B4CB46}.Debug|Win32.Build.0 = Debug|Win32
		{AFD7C2BA-E31F-550C-A42F-EF5D01B4CB46}.Release|Win32.ActiveCfg = Release|Win32
		{AFD7C2BA-E31F-550C-A42F-EF5D01B4CB46}.Release|Win32.Build.0 = Release|Win32
		{759C6C6D-3727-563B-88F0-0C044977D53A}.Debug|Win32.ActiveCfg = Debug|Win32
		{759C6C6D-3727-563B-88F0-0C044977D53A}.Debug|Win32.Build.0 = Debug|Win32
		{759C6C6D-3727-563B-88F0-0C044977D53A}.Release|Win32.ActiveCfg = Release|Win32
		{759C6C6D-3727-563B-88F0-0C044977D53A}.Release|Win32.Build.0 = Release|Win32
		{E55BAA93-9C18-5C05-B23D-2AD8CECCB480}.Debug|Win32.ActiveCfg = Debug|Win32
		{E55BAA93-9C18-5C05-B23D-2AD8CECCB480}.Debug|Win32.Build.0 = Debug|Win32
		{E55BAA93-9C18-5C05-B23D-2AD8CECCB480}.Release|Win32.ActiveCfg = Release|Win32
		{E55BAA93-9C18-5C05-B23D-2AD8CECCB480}.Release|Win32.Build.0 = Release|Win32
		{427DF2D2-2695-50F7-B3E6-3DC8FA5E5A4A}.Debug|Win32.ActiveCfg = Debug|Win32
		{427DF2D2-2695-50F7-B3E6-3DC8FA5E5A4A}.Debug|Win32.Build.0 = Debug|Win32
		{427DF2D2-2695-50F7-B3E6-3DC8FA5E5A4A}.Release|Win32.ActiveCfg = Release|Win32
		{427DF2D2-2695-50F7-B3E6-3DC8FA5E5A4A}.Release|Win32.Build.0 = Release|Win32
		{6C81F66E-22FB-5ECC-A6A0-79FC35CBFFAC}.Debug|Win32.ActiveCfg = Debug|Win32
		{6C81F66E-22FB-5ECC-A6A0-79FC35CBFFAC}.Debug|Win32.Build.0 = Debug|Win32
		{6C81F66E-22FB-5ECC-A6A0-79FC35CBFFAC}.Release|Win32.ActiveCfg = Release|Win32
		{6C81F66E-22FB-5ECC-A6A0-79FC35CBFFAC}.Release|Win32.Build.0 = Release|Win32
		{F4903AD1-C5C3-5C01-99E6-DD62C0F7EB11}.Debug|Win32.ActiveCfg = Debug|Win32
		{F4903AD1-C5C3-5C01-99E6-DD62C0F7EB11}.Debug|Win32.Build.0 = Debug|Win32
		{F4903AD1-C5C3-5C01-99E6-DD62C0F7EB11}.Release|Win32.ActiveCfg = Release|Win32
		{F4903AD1-C5C3-5C01-99E6-DD62C0F7EB11}.Release|Win32.Build.0 = Release|Win32
		{3A012FB1-6EB5-5287-9EBC-E33F7ADC5AEB}.Debug|Win32.ActiveCfg = Debug|Win32
		{3A012FB1-6EB5-5287-9EBC-E33F7ADC5AEB}.Debug|Win32.Build.0 = Debug|Win32
		{3A012FB1-6EB5-5287-9EBC-E33F7ADC5AEB}.Release|Win32.ActiveCfg = Release|Win32
		{3A012FB1-6EB5-5287-9EBC-E33F7ADC5AEB}.Release|Win32.Build.0 = Release|Win32
		{CE901DA7-9D12-5829-BE27-4D47D25153EF}.Debug|Win32.ActiveCfg = Debug|Win32
		{CE901DA7-9D12-5829-BE27-4D47D25153EF}.Debug|Win32.Build.0 = Debug|Win32
		{CE901DA7-9D12-5829-BE27-4D47D25153EF}.Release|Win32.ActiveCfg = Release|Win32
		{CE901DA7-9D12-5829-BE27-4D47D25153EF}.Release|Win32.Build.0 = Release|Win32
		{2ACFF332-72DB-58CC-95F4-FBDDC9528101}.Debug|Win32.ActiveCfg = Debug|Win32
		{2ACFF332-72DB-58CC-95F4-FBDDC9528101}.Debug|Win32.Build.0 = Debug|Win32
		{2ACFF332-72DB-58CC-95F4-FBDDC9528101}.Release|Win32.ActiveCfg = Release|Win32
		{2ACFF332-72DB-58CC-95F4-FBDDC9528101}.Release|Win32.Build.0 = Release|Win32
		{94867104-F774-5D6D-A0A6-7ACDB5F82312}.Debug|Win32.ActiveCfg = Debug|Win32
		{94867104-F774-5D6D-A0A6-7ACDB5F82312}.Debug|Win32.Build.0 = Debug|Win32
		{94867104-F774-5D6D-A0A6-7ACDB5F82312}.Release|Win32.ActiveCfg = Release|Win32
		{94867104-F774-5D6D-A0A6-7ACDB5F82312}.Release|Win32.Build.0 = Release|Win32
		{50F8B59B-C209-542E-AE1B-2CECA3081104}.Debug|Win32.ActiveCfg = Debug|Win32
		{50F8B59B-C209-542E-AE1B-2CECA3081104}.Debug|Win32.Build.0 = Debug|Win32
		{50F8B59B-C209-542E-AE1B-2CECA3081104}.Release|Win32.ActiveCfg = Release|Win32
		{50F8B59B-C209-542E-AE1B-2CECA3081104}.Release|Win32.Build.0 = Release|Win32
		{F1FD49A0-DF6C-5A45-AC86-FD0F41415F9C}.Debug|Win32.ActiveCfg = Debug|Win32
		{F1FD49A0-DF6C-5A45-AC86-FD0F41415F9C}.Debug|Win32.Build.0 = Debug|Win32
		{F1FD49A0-DF6C-5A45-AC86-FD0F41415F9C}.Release|Win32.ActiveCfg = Release|Win32
		{F1FD49A0-DF6C-5A45-AC86-FD0F41415F9C}.Release|Win32.Build.0 = Release|Win32
		{EB8E0AEE-F3DC-534A-8958-BD8F97569024}.Debug|Win32.ActiveCfg = Debug|Win32
		{EB8E0AEE-F3DC-534A-8958-BD8F97569024}.Debug|Win32.Build.0 = Debug|Win32
		{EB8E0AEE-F3DC-534A-8958-BD8F97569024}.Release|Win32.ActiveCfg = Release|Win32
		{EB8E0AEE-F3DC-534A-8958-BD8F97569024}.Release|Win32.Build.0 = Release|Win32
		{6F97EA2C-9FCC-5080-B287-514DB1FC0046}.Debug|Win32.ActiveCfg = Debug|Win32
		{6F97EA2C-9FCC-5080-B287-514DB1FC0046}.Debug|Win32.Build.0 = Debug|Win32
		{6F97EA2C-9FCC-5080-B287-514DB1FC0046}.Release|Win32.ActiveCfg = Release|Win32
		{6F97EA2C-9FCC-5080-B287-514DB1FC0046}.Release|Win32.Build.0 = Release|Win32
		{04CE1B9C-7234-5492-A314-9633D6FB3B93}.Debug|Win32.ActiveCfg = Debug|Win32
		{04CE1B9C-7234-5492-A314-9633D6FB3B93}.Debug|Win32.Build.0 = Debug|Win32
		{04CE1B9C-7234-5492-A314-9633D6FB3B93}.Release|Win32.ActiveCfg = Release|Win32
		{04CE1B9C-7234-5492-A314-9633D6FB3B93}.Release|Win32.Build.0 = Release|Win32
		{45707575-3D9A-5A64-9990-2080B6E01E88}.Debug|Win32.ActiveCfg = Debug|Win32
		{45707575-3D9A-5A64-9990-2080B6E01E88}.Debug|Win32.Build.0 = Debug|Win32
		{45707575-3D9A-5A64-9990-2080B6E01E88}.Release|Win32.ActiveCfg = Release|Win32
		{45707575-3D9A-5A64-9990-2080B6E01E88}.Release|Win32.Build.0 = Release|Win32
		{BA9A06E5-B380-5724-AF46-7BB272B8298C}.Debug|Win32.ActiveCfg = Debug|Win32
		{BA9A06E5-B380-5724-AF46-7BB272B8298C}.Debug|Win32.Build.0 = Debug|Win32
		{BA9A06E5-B380-5724-AF46-7BB272B8298C}.Release|Win32.ActiveCfg = Release|Win32
		{BA9A06E5-B380-5724-AF46-7BB272B8298C}.Release|Win32.Build.0 = Release|Win32
		{A2E04F57-1CED-5634-9B3F-C18B9B911B44}.Debug|Win32.ActiveCfg = Debug|Win32
		{A2E04F57-1CED-5634-9B3F-C18B9B911B44}.Debug|Win32.Build.0 = Debug|Win32
		{A2E04F57-1CED-5634-9B3F-C18B9B911B44}.Release|Win32.ActiveCfg = Release|Win32
		{A2E04F57-1CED-5634-9B3F-C18B9B911B44}.Release|Win32.Build.0 = Release|Win32
		{4C4F1FCB-D01B-51EF-A811-B108C9CB87DD}.Debug|Win32.ActiveCfg = Debug|Win32
		{4C4F1FCB-D01B-51EF-A811-B108C9CB87DD}.Debug|Win32.Build.0 = Debug|Win32
		{4C4F1FCB-D01B-51EF-A811-B108C9CB87DD}.Release|Win32.ActiveCfg = Release|Win32
		{4C4F1FCB-D01B-51EF-A811-B108C9CB87DD}.Release|Win32.Build.0 = Release|Win32
		{1FC50494-8396-53C7-A806-53165E3965EA}.Debug|Win32.ActiveCfg = Debug|Win32
		{1FC50494-8396-53C7-A806-53165E3965EA}.Debug|Win32.Build.0 = Debug|Win32
		{1FC50494-8396-53C7-A806-53165E3965EA}.Release|Win32.ActiveCfg = Release|Win32
		{1FC50494-8396-53C7-A806-53165E3965EA}.Release|Win32.Build.0 = Release|Win32
		{9EF1296E-56BE-5507-BD0F-E8D70BFAFF9D}.Debug|Win32.ActiveCfg = Debug|Win32
		{9EF1296E-56BE-5507-BD0F-E8D70BFAFF9D}.Debug|Win32.Build.0 = Debug|Win32
		{9EF1296E-56BE-5507-BD0F-E8D70BFAFF9D}.Release|Win32.ActiveCfg = Release|Win32
		{9EF1296E-56BE-5507-BD0F-E8D70BFAFF9D}.Release|Win32.Build.0 = Release|Win32
		{E6F64F82-B834-5B9D-BEBD-F9E9AB31CF2D}.Debug|Win32.ActiveCfg = Debug|Win32
		{E6F64F82-B834-5B9D-BEBD-F9E9AB31CF2D}.Debug|Win32.Build.0 = Debug|Win32
		{E6F64F82-B834-5B9D-BEBD-F9E9AB31CF2D}.Release|Win32.ActiveCfg = Release|Win32
		{E6F64F82-B834-5B9D-BEBD-F9E9AB31CF2D}.Release|Win32.Build.0 = Release|Win32
		{6D0FCCB5-5C5D-5A73-86EE-B0637CC26752}.Debug|Win32.ActiveCfg = Debug|Win32
		{6D0FCCB5-5C5D-5A73-86EE-B0637CC26752}.Debug|Win32.Build.0 = Debug|Win32
		{6D0FCCB5-5C5D-5A73-86EE-B0637CC26752}.Release|Win32.ActiveCfg = Release|Win32
		{6D0FCCB5-5C5D-5A73-86EE-B0637CC26752}.Release|Win32.Build.0 = Release|Win32
		{094A0D81-6880-5FDD-AD87-C5CCEF8E79B6}.Debug|Win32.ActiveCfg = Debug|Win32
		{094A0D81-6880-5FDD-AD87-C5CCEF8E79B6}.Debug|Win32.Build.0 = Debug|Win32
		{094A0D81-6880-5FDD-AD87-C5CCEF8E79B6}.Release|Win32.ActiveCfg = Release|Win32
		{094A0D81-6880-5FDD-AD87-C5CCEF8E79B6}.Release|Win32.Build.0 = Release|Win32
		{5A392C8C-7ACD-53A1-B66F-DA6D35E62F6D}.Debug|Win32.ActiveCfg = Debug|Win32
		{5A392C8C-7ACD-53A1-B66F-DA6D35E62F6D}.Debug|Win32.Build.0 = Debug|Win32
		{5A392C8C-7ACD-53A1-B66F-DA6D35E62F6D}.Release|Win32.ActiveCfg = Release|Win32
		{5A392C8C-7ACD-53A1-B66F-DA6D35E62F6D}.Release|Win32.Build.0 = Release|Win32
		{B159606C-1A66-5F86-BC2A-117209F76900}.Debug|Win32.ActiveCfg = Debug|Win32
		{B159606C-1A66-5F86-BC2A-117209F76900}.Debug|Win32.Build.0 = Debug|Win32
		{B159606C-1A66-5F86-BC2A-117209F76900}.Release|Win32.ActiveCfg = Release|Win32
		{B159606C-1A66-5F86-BC2A-117209F76900}.Release|Win32.Build.0 = Release|Win32
		{B38B7BB8-4851-5F01-8382-3DE1C32ED125}.Debug|Win32.ActiveCfg = Debug|Win32
		{B38B7BB8-4851-5F01-8382-3DE1C32ED125}.Debug|Win32.Build.0 = Debug|Win32
		{B38B7BB8-4851-5F01-8382-3DE1C32ED125}.Release|Win32.ActiveCfg = Release|Win32
		{B38B7BB8-4851-5F01-8382-3DE1C32ED125}.Release|Win32.Build.0 = Release|Win32
		{91FE4B7F-7116-5BF4-BFCF-F40C470CAFE1}.Debug|Win32.ActiveCfg = Debug|Win32
		{91FE4B7F-7116-5BF4-BFCF-F40C470CAFE1}.Debug|Win32.Build.0 = Debug|Win32
		{91FE4B7F-7116-5BF4-BFCF-F40C470CAFE1}.Release|Win32.ActiveCfg = Release|Win32
		{91FE4B7F-7116-5BF4-BFCF-F40C470CAFE1}.Release|Win32.Build.0 = Release|Win32
		{E777E95D-17F4-5B76-AB38-855FEDF8D4C3}.Debug|Win32.ActiveCfg = Debug|Win32
		{E777E95D-17F4-5B76-AB38-855FEDF8D4C3}.Debug|Win32.Build.0 = Debug|Win32
		{E777E95D-17F4-5B76-AB38-855FEDF8D4C3}.Release|Win32.ActiveCfg = Release|Win32
		{E777E95D-17F4-5B76-AB38-855FEDF8D4C3}.Release|Win32.Build.0 = Release|Win32
		{1AE58355-957D-539F-9D80-C0E06065AC10}.Debug|Win32.ActiveCfg = Debug|Win32
		{1AE58355-957D-539F-9D80-C0E06065AC10}.Debug|Win32.Build.0 = Debug|Win32
		{1AE58355-957D-539F-9D80-C0E06065AC10}.Release|Win32.ActiveCfg = Release|Win32
		{1AE58355-957D-539F-9D80-C0E06065AC10}.Release|Win32.Build.0 = Release|Win32
		{86199713-2C47-5730-A178-C49BC419C3B5}.Debug|Win32.ActiveCfg = Debug|Win32
		{86199713-2C47-5730-A178-C49BC419C3B5}.Debug|Win32.Build.0 = Debug|Win32
		{86199713-2C47-5730-A178-C49BC419C3B5}.Release|Win32.ActiveCfg = Release|Win32
		{86199713-2C47-5730-A178-C49BC419C3B5}.Release|Win32.Build.0 = Release|Win32
		{F6E6A77D-0FDF-5A22-8EEA-37DFA9CF5590}.Debug|Win32.ActiveCfg = Debug|Win32
		{F6E6A77D-0FDF-5A22-8EEA-37DFA9CF5590}.Debug|Win32.Build.0 = Debug|Win32
		{F6E6A77D-0FDF-5A22-8EEA-37DFA9CF5590}.Release|Win32.ActiveCfg = Release|Win32
		{F6E6A77D-0FDF-5A22-8EEA-37DFA9CF5590}.Release|Win32.Build.0 = Release|Win32
		{F1BE9C32-4A14-5577-862E-3B753A2CAA75}.Debug|Win32.ActiveCfg = Debug|Win32
		{F1BE9C32-4A14-5577-862E-3B753A2CAA75}.Debug|Win32.Build.0 = Debug|Win32
		{F1BE9C32-4A14-5577-862E-3B753A2CAA75}.Release|Win32.ActiveCfg = Release|Win32
		{F1BE9C32-4A14-5577-862E-3B753A2CAA75}.Release|Win32.Build.0 = Release|Win32
		{81DD6ABF-E2DC-549F-9281-D51A1C636C6F}.Debug|Win32.ActiveCfg = Debug|Win32
		{81DD6ABF-E2DC-549F-9281-D51A1C636C6F}.Debug|Win32.Build.0 = Debug|Win32
		{81DD6ABF-E2DC-549F-9281-D51A1C636C6F}.Release|Win32.ActiveCfg = Release|Win32
		{81DD6ABF-E2DC-549F-9281-D51A1C636C6F}.Release|Win32.Build.0 = Release|Win32
		{0355AD55-FF4A-53B6-AE69-18E8413ACC8B}.Debug|Win32.ActiveCfg = Debug|Win32
		{0355AD55-FF4A-53B6-AE69-18E8413ACC8B}.Debug|Win32.Build.0 = Debug|Win32
		{0355AD55-FF4A-53B6-AE69-18E8413ACC8B}.Release|Win32.ActiveCfg = Release|Win32
		{0355AD55-FF4A-53B6-AE69-18E8413ACC8B}.Release|Win32.Build.0 = Release|Win32
		{24FA7270-E48E-52F5-A0C8-37EE886E8C3D}.Debug|Win32.ActiveCfg = Debug|Win32
		{24FA7270-E48E-52F5-A0C8-37EE886E8C3D}.Debug|Win32.Build.0 = Debug|Win32
		{24FA7270-E48E-52F5-A0C8-37EE886E8C3D}.Release|Win32.ActiveCfg = Release|Win32
		{24FA7270-E48E-52F5-A0C8-37EE886E8C3D}.Release|Win32.Build.0 = Release|Win32
		{4A0291A5-719B-5FF6-AE40-914149EE01DC}.Debug|Win32.ActiveCfg = Debug|Win32
		{4A0291A5-719B-5FF6-AE40-914149EE01DC}.Debug|Win32.Build.0 = Debug|Win32
		{4A0291A5-719B-5FF6-AE40-914149EE01DC}.Release|Win32.ActiveCfg = Release|Win32
		{4A0291A5-719B-5FF6-AE40-914149EE01DC}.Release|Win32.Build.0 = Release|Win32
		{A4D7841D-6428-5767-8D66-1CF31E8C3A0F}.Debug|Win32.ActiveCfg = Debug|Win32
		{A4D7841D-6428-5767-8D66-1CF31E8C3A0F}.Debug|Win32.Build.0 = Debug|Win32
		{A4D7841D-6428-5767-8D66-1CF31E8C3A0F}.Release|Win32.ActiveCfg = Release|Win32
		{A4D7841D-6428-5767-8D66-1CF31E8C3A0F}.Release|Win32.Build.0 = Release|Win32
		{69296105-5227-539A-95C4-7E925116FBF6}.Debug|Win32.ActiveCfg = Debug|Win32
		{69296105-5227-539A-95C4-7E925116FBF6}.Debug|Win32.Build.0 = Debug|Win32
		{69296105-5227-539A-95C4-7E925116FBF6}.Release|Win32.ActiveCfg = Release|Win32
		{69296105-5227-539A-95C4-7E925116FBF6}.Release|Win32.Build.0 = Release|Win32
		{4A658A6F-BDA1-5E41-A656-7ACB9BA72264}.Debug|Win32.ActiveCfg = Debug|Win32
		{4A658A6F-BDA1-5E41-A656-7ACB9BA72264}.Debug|Win32.Build.0 = Debug|Win32
		{4A658A6F-BDA1-5E41-A656-7ACB9BA72264}.Release|Win32.ActiveCfg = Release|Win32
		{4A658A6F-BDA1-5E41-A656-7ACB9BA72264}.Release|Win32.Build.0 = Release|Win32
		{4176A57A-89FF-5EF3-BCCC-7D71970B3A13}.Debug|Win32.ActiveCfg = Debug|Win32
		{4176A57A-89FF-5EF3-BCCC-7D71970B3A13}.Debug|Win32.Build.0 = Debug|Win32
		{4176A57A-89FF-5EF3-BCCC-7D71970B3A13}.Release|Win32.ActiveCfg = Release|Win32
		{4176A57A-89FF-5EF3-BCCC-7D71970B3A13}.Release|Win32.Build.0 = Release|Win32
		{C8588C89-4E41-51D3-8BEC-4CA9F334696E}.Debug|Win32.ActiveCfg = Debug|Win32
		{C8588C89-4E41-51D3-8BEC-4CA9F334696E}.Debug|Win32.Build.0 = Debug|Win32
		{C8588C89-4E41-51D3-8BEC-4CA9F334696E}.Release|Win32.ActiveCfg = Release|Win32
		{C8588C89-4E41-51D3-8BEC-4CA9F334696E}.Release|Win32.Build.0 = Release|Win32
		{E17BEC05-7F64-5134-85D7-6C7EA126B5F8}.Debug|Win32.ActiveCfg = Debug|Win32
		{E17BEC05-7F64-5134-85D7-6C7EA126B5F8}.Debug|Win32.Build.0 = Debug|Win32
		{E17BEC05-7F64-5134-85D7-6C7EA126B5F8}.Release|Win32.ActiveCfg = Release|Win32
		{E17BEC05-7F64-5134-85D7-6C7EA126B5F8}.Release|Win32.Build.0 = Release|Win32
		{3C169736-5839-5D1C-A633-839C706A91AD}.Debug|Win32.ActiveCfg = Debug|Win32
		{3C169736-5839-5D1C-A633-839C706A91AD}.Debug|Win32.Build.0 = Debug|Win32
		{3C169736-5839-5D1C-A633-839C706A91AD}.Release|Win32.ActiveCfg = Release|Win32
		{3C169736-5839-5D1C-A633-839C706A91AD}.Release|Win32.Build.0 = Release|Win32
		{83CB7A07-D7D6-5442-8733-DCF10E130267}.Debug|Win32.ActiveCfg = Debug|Win32
		{83CB7A07-D7D6-5442-8733-DCF10E130267}.Debug|Win32.Build.0 = Debug|Win32
		{83CB7A07-D7D6-5442-8733-DCF10E130267}.Release|Win32.ActiveCfg = Release|Win32
		{83CB7A07-D7D6-5442-8733-DCF10E130267}.Release|Win32.Build.0 = Release|Win32
		{70A35741-C0FC-5F8F-9C5F-CA4363F5AD9F}.Debug|Win32.ActiveCfg = Debug|Win32
		{70A35741-C0FC-5F8F-9C5F-CA4363F5AD9F}.Debug|Win32.Build.0 = Debug|Win32
		{70A35741-C0FC-5F8F-9C5F-CA4363F5AD9F}.Release|Win32.ActiveCfg = Release|Win32
		{70A35741-C0FC-5F8F-9C5F-CA4363F5AD9F}.Release|Win32.Build.0 = Release|Win32
		{25F76746-0751-5343-BF0D-A52D3595C620}.Debug|Win32.ActiveCfg = Debug|Win32
		{25F76746-0751-5343-BF0D-A52D3595C620}.Debug|Win32.Build.0 = Debug|Win32
		{25F76746-0751-5343-BF0D-A52D3595C620}.Release|Win32.ActiveCfg = Release|Win32
		{25F76746-0751-5343-BF0D-A52D3595C620}.Release|Win32.Build.0 = Release|Win32
		{280B01AC-ED80-532B-9259-651F49E5A561}.Debug|Win32.ActiveCfg = Debug|Win32
		{280B01AC-ED80-532B-9259-651F49E5A561}.Debug|Win32.Build.0 = Debug|Win32
		{280B01AC-ED80-532B-9259-651F49E5A561}.Release|Win32.ActiveCfg = Release|Win32
		{280B01AC-ED80-532B-9259-651F49E5A561}.Release|Win32.Build.0 = Release|Win32
		{BE38C70E-BFE4-56C8-896E-6E2C4985CA91}.Debug|Win32.ActiveCfg = Debug|Win32
		{BE38C70E-BFE4-56C8-896E-6E2C4985CA91}.Debug|Win32.Build.0 = Debug|Win32
		{BE38C70E-BFE4-56C8-896E-6E2C4985CA91}.Release|Win32.ActiveCfg = Release|Win32
		{BE38C70E-BFE4-56C8-896E-6E2C4985CA91}.Release|Win32.Build.0 = Release|Win32
		{36795AEE-C2D3-58C8-BB44-B518134BBB11}.Debug|Win32.ActiveCfg = Debug|Win32
		{36795AEE-C2D3-58C8-BB44-B518134BBB11}.Debug|Win32.Build.0 = Debug|Win32
		{36795AEE-C2D3-58C8-BB44-B518134BBB11}.Release|Win32.ActiveCfg = Release|Win32
		{36795AEE-C2D3-58C8-BB44-B518134BBB11}.Release|Win32.Build.0 = Release|Win32
		{8A9C4A45-7D66-53BA-9549-67DDB30907AC}.Debug|Win32.ActiveCfg = Debug|Win32
		{8A9C4A45-7D66-53BA-9549-67DDB30907AC}.Debug|Win32.Build.0 = Debug|Win32
		{8A9C4A45-7D66-53BA-9549-67DDB30907AC}.Release|Win32.ActiveCfg = Release|Win32
		{8A9C4A45-7D66-53BA-9549-67DDB30907AC}.Release|Win32.Build.0 = Release|Win32
		{ADBF1341-6A45-51AD-B43E-447315980D3B}.Debug|Win32.ActiveCfg = Debug|Win32
		{ADBF1341-6A45-51AD-B43E-447315980D3B}.Debug|Win32.Build.0 = Debug|Win32
		{ADBF1341-6A45-51AD-B43E-447315980D3B}.Release|Win32.ActiveCfg = Release|Win32
		{ADBF1341-6A45-51AD-B43E-447315980D3B}.Release|Win32.Build.0 = Release|Win32
		{2323948D-4EC0-5AE4-BD91-292F1CB2CCD8}.Debug|Win32.ActiveCfg = Debug|Win32
		{2323948D-4EC0-5AE4-BD91-292F1CB2CCD8}.Debug|Win32.Build.0 = Debug|Win32
		{2323948D-4EC0-5AE4-BD91-292F1CB2CCD8}.Release|Win32.ActiveCfg = Release|Win32
		{2323948D-4EC0-5AE4-BD91-292F1CB2CCD8}.Release|Win32.Build.0 = Release|Win32
		{69F678B2-0C88-5255-89E6-E8E2AF4F65E6}.Debug|Win32.ActiveCfg = Debug|Win32
		{69F678B2-0C88-5255-89E6-E8E2AF4F65E6}.Debug|Win32.Build.0 = Debug|Win32
		{69F678B2-0C88-5255-89E6-E8E2AF4F65E6}.Release|Win32.ActiveCfg = Release|Win32
		{69F678B2-0C88-5255-89E6-E8E2AF4F65E6}.Release|Win32.Build.0 = Release|Win32
		{A8F66957-4A59-549B-9110-AB3D85A30A24}.Debug|Win32.ActiveCfg = Debug|Win32
		{A8F66957-4A59-549B-9110-AB3D85A30A24}.Debug|Win32.Build.0 = Debug|Win32
		{A8F66957-4A59-549B-9110-AB3D85A30A24}.Release|Win32.ActiveCfg = Release|Win32
		{A8F66957-4A59-549B-9110-AB3D85A30A24}.Release|Win32.Build.0 = Release|Win32
		{C36DA4D9-217D-5FF2-B87C-51132AA1AB88}.Debug|Win32.ActiveCfg = Debug|Win32
		{C36DA4D9-217D-5FF2-B87C-51132AA1AB88}.Debug|Win32.Build.0 = Debug|Win32
		{C36DA4D9-217D-5FF2-B87C-51132AA1AB88}.Release|Win32.ActiveCfg = Release|Win32
		{C36DA4D9-217D-5FF2-B87C-51132AA1AB88}.Release|Win32.Build.0 = Release|Win32
		{3398CF36-1EE3-5656-9B09-AD34606A46A9}.Debug|Win32.ActiveCfg = Debug|Win32
		{3398CF36-1EE3-5656-9B09-AD34606A46A9}.Debug|Win32.Build.0 = Debug|Win32
		{3398CF36-1EE3-5656-9B09-AD34606A46A9}.Release|Win32.ActiveCfg = Release|Win32
		{3398CF36-1EE3-5656-9B09-AD34606A46A9}.Release|Win32.Build.0 = Release|Win32
		{31258AFB-5DD0-54C6-B735-05EF5CB07124}.Debug|Win32.ActiveCfg = Debug|Win32
		{31258AFB-5DD0-54C6-B735-05EF5CB07124}.Debug|Win32.Build.0 = Debug|Win32
		{31258AFB-5DD0-54C6-B735-05EF5CB07124}.Release|Win32.ActiveCfg = Release|Win32
		{31258AFB-5DD0-54C6-B735-05EF5CB07124}.Release|Win32.Build.0 = Release|Win32
		{C7997100-CC18-5C57-A3D5-5FBEF8939D2D}.Debug|Win32.ActiveCfg = Debug|Win32
		{C7997100-CC18-5C57-A3D5-5FBEF8939D2D}.Debug|Win32.Build.0 = Debug|Win32
		{C7997100-CC18-5C57-A3D5-5FBEF8939D2D}.Release|Win32.ActiveCfg = Release|Win32
		{C7997100-CC18-5C57-A3D5-5FBEF8939D2D}.Release|Win32.Build.0 = Release|Win32
	EndGlobalSection
	GlobalSection(SolutionProperties) = preSolution
		HideSolutionNode = FALSE
	EndGlobalSection
EndGlobal
